
Microsoft Visual Studio Solution File, Format Version 12.00
# Visual Studio Version 17
VisualStudioVersion = 17.7.34018.315
MinimumVisualStudioVersion = 10.0.40219.1
Project("{FAE04EC0-301F-11D3-BF4B-00C04F79EFBC}") = "BoutiqueCafe", "BoutiqueCafe\BoutiqueCafe.csproj", "{006C6D41-C837-42D7-B3F3-41E2D3FFD573}"
EndProject
Global
	GlobalSection(SolutionConfigurationPlatforms) = preSolution
		Debug|Any CPU = Debug|Any CPU
		Release|Any CPU = Release|Any CPU
	EndGlobalSection
	GlobalSection(ProjectConfigurationPlatforms) = postSolution
		{006C6D41-C837-42D7-B3F3-41E2D3FFD573}.Debug|Any CPU.ActiveCfg = Debug|Any CPU
		{006C6D41-C837-42D7-B3F3-41E2D3FFD573}.Debug|Any CPU.Build.0 = Debug|Any CPU
		{006C6D41-C837-42D7-B3F3-41E2D3FFD573}.Release|Any CPU.ActiveCfg = Release|Any CPU
		{006C6D41-C837-42D7-B3F3-41E2D3FFD573}.Release|Any CPU.Build.0 = Release|Any CPU
	EndGlobalSection
	GlobalSection(SolutionProperties) = preSolution
		HideSolutionNode = FALSE
	EndGlobalSection
	GlobalSection(ExtensibilityGlobals) = postSolution
		SolutionGuid = {14F487E1-3968-42E7-9E94-30C0C9AAA02E}
	EndGlobalSection
EndGlobal
